<Solution>
  <Folder Name="/src/">
    <Project Path="src/Winwright/Winwright.csproj" />
    <Project Path="src/Winwright.InApp/Winwright.InApp.csproj" />
    <Project Path="src/Winwright.Fixture/Winwright.Fixture.csproj" />
  </Folder>
  <Folder Name="/tools/">
    <Project Path="tools/Winwright.RollCall/Winwright.RollCall.csproj" />
    <Project Path="tools/Winwright.Concordance/Winwright.Concordance.csproj" />
    <Project Path="tools/Winwright.Mcp/Winwright.Mcp.csproj" />
    <Project Path="tools/Winwright.Guard/Winwright.Guard.csproj" />
  </Folder>
  <Folder Name="/tests/">
    <Project Path="tests/Winwright.Tests/Winwright.Tests.csproj" />
  </Folder>
</Solution>
